
Microsoft Visual Studio Solution File, Format Version 12.00
# Visual Studio Version 16
VisualStudioVersion = 25.0.1706.4
MinimumVisualStudioVersion = 10.0.40219.1
Project("{FAE04EC0-301F-11D3-BF4B-00C04F79EFBC}") = "address-verification-matcher", "address-verification-matcher\address-verification-matcher.csproj", "{42B66095-CC34-465B-A8D6-29F05C5AB5CD}"
EndProject
Global
	GlobalSection(SolutionConfigurationPlatforms) = preSolution
		Debug|Any CPU = Debug|Any CPU
		Release|Any CPU = Release|Any CPU
	EndGlobalSection
	GlobalSection(ProjectConfigurationPlatforms) = postSolution
		{42B66095-CC34-465B-A8D6-29F05C5AB5CD}.Debug|Any CPU.ActiveCfg = Debug|Any CPU
		{42B66095-CC34-465B-A8D6-29F05C5AB5CD}.Debug|Any CPU.Build.0 = Debug|Any CPU
		{42B66095-CC34-465B-A8D6-29F05C5AB5CD}.Release|Any CPU.ActiveCfg = Release|Any CPU
		{42B66095-CC34-465B-A8D6-29F05C5AB5CD}.Release|Any CPU.Build.0 = Release|Any CPU
	EndGlobalSection
	GlobalSection(SolutionProperties) = preSolution
		HideSolutionNode = FALSE
	EndGlobalSection
	GlobalSection(ExtensibilityGlobals) = postSolution
		SolutionGuid = {157C851C-6D93-4E50-8293-692092A86306}
	EndGlobalSection
EndGlobal
